
Microsoft Visual Studio Solution File, Format Version 12.00
# Visual Studio Version 16
VisualStudioVersion = 16.0.29806.167
MinimumVisualStudioVersion = 10.0.40219.1
Project("{9A19103F-16F7-4668-BE54-9A1E7A4F7556}") = "dn32.GestorDeTarefas", "Dn32GestorDeTarefas\dn32.GestorDeTarefas.csproj", "{F7A6FF92-B6DB-4933-9364-A808A22F4C0F}"
EndProject
Project("{9A19103F-16F7-4668-BE54-9A1E7A4F7556}") = "dn32.GestorDeTarefas.ConsoleTeste", "Dn32GestorDeTarefas.Console\dn32.GestorDeTarefas.ConsoleTeste.csproj", "{5E6B565C-CC67-4774-AC94-C0E9C8A6CD0D}"
EndProject
Global
	GlobalSection(SolutionConfigurationPlatforms) = preSolution
		Debug|Any CPU = Debug|Any CPU
		Release|Any CPU = Release|Any CPU
	EndGlobalSection
	GlobalSection(ProjectConfigurationPlatforms) = postSolution
		{F7A6FF92-B6DB-4933-9364-A808A22F4C0F}.Debug|Any CPU.ActiveCfg = Debug|Any CPU
		{F7A6FF92-B6DB-4933-9364-A808A22F4C0F}.Debug|Any CPU.Build.0 = Debug|Any CPU
		{F7A6FF92-B6DB-4933-9364-A808A22F4C0F}.Release|Any CPU.ActiveCfg = Release|Any CPU
		{F7A6FF92-B6DB-4933-9364-A808A22F4C0F}.Release|Any CPU.Build.0 = Release|Any CPU
		{5E6B565C-CC67-4774-AC94-C0E9C8A6CD0D}.Debug|Any CPU.ActiveCfg = Debug|Any CPU
		{5E6B565C-CC67-4774-AC94-C0E9C8A6CD0D}.Debug|Any CPU.Build.0 = Debug|Any CPU
		{5E6B565C-CC67-4774-AC94-C0E9C8A6CD0D}.Release|Any CPU.ActiveCfg = Release|Any CPU
		{5E6B565C-CC67-4774-AC94-C0E9C8A6CD0D}.Release|Any CPU.Build.0 = Release|Any CPU
	EndGlobalSection
	GlobalSection(SolutionProperties) = preSolution
		HideSolutionNode = FALSE
	EndGlobalSection
	GlobalSection(ExtensibilityGlobals) = postSolution
		SolutionGuid = {43F1578E-11D3-4ED4-8569-531C4C82CA7D}
	EndGlobalSection
EndGlobal
